
Microsoft Visual Studio Solution File, Format Version 12.00
# Visual Studio Version 17
VisualStudioVersion = 17.14.36401.2 d17.14
MinimumVisualStudioVersion = 10.0.40219.1
Project("{FAE04EC0-301F-11D3-BF4B-00C04F79EFBC}") = "SecondMaxElement", "ConsoleApp1\SecondMaxElement.csproj", "{B72B6EAB-7C06-48CB-9F74-779CC9FBD75C}"
EndProject
Project("{FAE04EC0-301F-11D3-BF4B-00C04F79EFBC}") = "QuickSortAlgorithms", "QuickSortAlgorithms\QuickSortAlgorithms.csproj", "{FA886670-7A79-4298-84FB-3DA4296883C0}"
EndProject
Global
	GlobalSection(SolutionConfigurationPlatforms) = preSolution
		Debug|Any CPU = Debug|Any CPU
		Release|Any CPU = Release|Any CPU
	EndGlobalSection
	GlobalSection(ProjectConfigurationPlatforms) = postSolution
		{B72B6EAB-7C06-48CB-9F74-779CC9FBD75C}.Debug|Any CPU.ActiveCfg = Debug|Any CPU
		{B72B6EAB-7C06-48CB-9F74-779CC9FBD75C}.Debug|Any CPU.Build.0 = Debug|Any CPU
		{B72B6EAB-7C06-48CB-9F74-779CC9FBD75C}.Release|Any CPU.ActiveCfg = Release|Any CPU
		{B72B6EAB-7C06-48CB-9F74-779CC9FBD75C}.Release|Any CPU.Build.0 = Release|Any CPU
		{FA886670-7A79-4298-84FB-3DA4296883C0}.Debug|Any CPU.ActiveCfg = Debug|Any CPU
		{FA886670-7A79-4298-84FB-3DA4296883C0}.Debug|Any CPU.Build.0 = Debug|Any CPU
		{FA886670-7A79-4298-84FB-3DA4296883C0}.Release|Any CPU.ActiveCfg = Release|Any CPU
		{FA886670-7A79-4298-84FB-3DA4296883C0}.Release|Any CPU.Build.0 = Release|Any CPU
	EndGlobalSection
	GlobalSection(SolutionProperties) = preSolution
		HideSolutionNode = FALSE
	EndGlobalSection
	GlobalSection(ExtensibilityGlobals) = postSolution
		SolutionGuid = {4467BDF5-990B-4322-8D08-5C46E5AFDE35}
	EndGlobalSection
EndGlobal
